{
  "name": "hashids-bigint",
  "version": "1.0.0",
  "lockfileVersion": 1,
  "requires": true,
  "dependencies": {
    "big-integer": {
      "version": "1.6.38",
      "resolved": "https://registry.npmjs.org/big-integer/-/big-integer-1.6.38.tgz",
      "integrity": "sha512-csPPkI8MBCIoFAs2D7RoX9Bn5jrHwvQ/6CMfdRzwkB5cmpw74zb6Lbc/VbT9xCWrkgdwJDxw/uLIvXGch74Lhg=="
    },
    "hashids": {
      "version": "1.2.2",
      "resolved": "https://registry.npmjs.org/hashids/-/hashids-1.2.2.tgz",
      "integrity": "sha512-dEHCG2LraR6PNvSGxosZHIRgxF5sNLOIBFEHbj8lfP9WWmu/PWPMzsip1drdVSOFi51N2pU7gZavrgn7sbGFuw=="
    }
  }
}
